
Microsoft Visual Studio Solution File, Format Version 12.00
# Visual Studio Version 17
VisualStudioVersion = 17.0.31919.166
MinimumVisualStudioVersion = 10.0.40219.1
Project("{FAE04EC0-301F-11D3-BF4B-00C04F79EFBC}") = "HashTable", "HashTable\HashTable.csproj", "{5315F3D3-6238-4F67-B0DF-6CAEA0AA16A8}"
EndProject
Project("{FAE04EC0-301F-11D3-BF4B-00C04F79EFBC}") = "xUnitHashTable", "xUnitHashTable\xUnitHashTable.csproj", "{3B3197AF-228E-4B3C-86F8-21D9138ECFE3}"
EndProject
Project("{FAE04EC0-301F-11D3-BF4B-00C04F79EFBC}") = "MyApp", "MyApp\MyApp.csproj", "{19803B5C-764B-41F0-A452-00AD7B6CBA03}"
EndProject
Global
	GlobalSection(SolutionConfigurationPlatforms) = preSolution
		Debug|Any CPU = Debug|Any CPU
		Release|Any CPU = Release|Any CPU
	EndGlobalSection
	GlobalSection(ProjectConfigurationPlatforms) = postSolution
		{5315F3D3-6238-4F67-B0DF-6CAEA0AA16A8}.Debug|Any CPU.ActiveCfg = Debug|Any CPU
		{5315F3D3-6238-4F67-B0DF-6CAEA0AA16A8}.Debug|Any CPU.Build.0 = Debug|Any CPU
		{5315F3D3-6238-4F67-B0DF-6CAEA0AA16A8}.Release|Any CPU.ActiveCfg = Release|Any CPU
		{5315F3D3-6238-4F67-B0DF-6CAEA0AA16A8}.Release|Any CPU.Build.0 = Release|Any CPU
		{3B3197AF-228E-4B3C-86F8-21D9138ECFE3}.Debug|Any CPU.ActiveCfg = Debug|Any CPU
		{3B3197AF-228E-4B3C-86F8-21D9138ECFE3}.Debug|Any CPU.Build.0 = Debug|Any CPU
		{3B3197AF-228E-4B3C-86F8-21D9138ECFE3}.Release|Any CPU.ActiveCfg = Release|Any CPU
		{3B3197AF-228E-4B3C-86F8-21D9138ECFE3}.Release|Any CPU.Build.0 = Release|Any CPU
		{19803B5C-764B-41F0-A452-00AD7B6CBA03}.Debug|Any CPU.ActiveCfg = Debug|Any CPU
		{19803B5C-764B-41F0-A452-00AD7B6CBA03}.Debug|Any CPU.Build.0 = Debug|Any CPU
		{19803B5C-764B-41F0-A452-00AD7B6CBA03}.Release|Any CPU.ActiveCfg = Release|Any CPU
		{19803B5C-764B-41F0-A452-00AD7B6CBA03}.Release|Any CPU.Build.0 = Release|Any CPU
	EndGlobalSection
	GlobalSection(SolutionProperties) = preSolution
		HideSolutionNode = FALSE
	EndGlobalSection
	GlobalSection(ExtensibilityGlobals) = postSolution
		SolutionGuid = {F7EC6D54-6F56-4E08-9989-249B9AB188A1}
	EndGlobalSection
EndGlobal
